
Microsoft Visual Studio Solution File, Format Version 12.00
# Visual Studio Version 16
VisualStudioVersion = 16.0.30804.86
MinimumVisualStudioVersion = 10.0.40219.1
Project("{8BC9CEB8-8B4A-11D0-8D11-00A0C91BC942}") = "test", "test\test.vcxproj", "{F903E105-2A2A-4C28-BF3A-BF6F2A997709}"
EndProject
Global
	GlobalSection(SolutionConfigurationPlatforms) = preSolution
		Debug|x64 = Debug|x64
		Debug|x86 = Debug|x86
		Release|x64 = Release|x64
		Release|x86 = Release|x86
	EndGlobalSection
	GlobalSection(ProjectConfigurationPlatforms) = postSolution
		{F903E105-2A2A-4C28-BF3A-BF6F2A997709}.Debug|x64.ActiveCfg = Debug|x64
		{F903E105-2A2A-4C28-BF3A-BF6F2A997709}.Debug|x64.Build.0 = Debug|x64
		{F903E105-2A2A-4C28-BF3A-BF6F2A997709}.Debug|x86.ActiveCfg = Debug|Win32
		{F903E105-2A2A-4C28-BF3A-BF6F2A997709}.Debug|x86.Build.0 = Debug|Win32
		{F903E105-2A2A-4C28-BF3A-BF6F2A997709}.Release|x64.ActiveCfg = Release|x64
		{F903E105-2A2A-4C28-BF3A-BF6F2A997709}.Release|x64.Build.0 = Release|x64
		{F903E105-2A2A-4C28-BF3A-BF6F2A997709}.Release|x86.ActiveCfg = Release|Win32
		{F903E105-2A2A-4C28-BF3A-BF6F2A997709}.Release|x86.Build.0 = Release|Win32
	EndGlobalSection
	GlobalSection(SolutionProperties) = preSolution
		HideSolutionNode = FALSE
	EndGlobalSection
	GlobalSection(ExtensibilityGlobals) = postSolution
		SolutionGuid = {2E87A9F5-B56D-437F-8D6D-064191125039}
	EndGlobalSection
EndGlobal
